
Microsoft Visual Studio Solution File, Format Version 12.00
# Visual Studio Version 16
VisualStudioVersion = 16.0.31911.196
MinimumVisualStudioVersion = 10.0.40219.1
Project("{FAE04EC0-301F-11D3-BF4B-00C04F79EFBC}") = "ORM", "ORM\ORM.csproj", "{38FC2A66-B579-476A-BC6F-C0D64D158F95}"
EndProject
Global
	GlobalSection(SolutionConfigurationPlatforms) = preSolution
		Debug|Any CPU = Debug|Any CPU
		Release|Any CPU = Release|Any CPU
	EndGlobalSection
	GlobalSection(ProjectConfigurationPlatforms) = postSolution
		{38FC2A66-B579-476A-BC6F-C0D64D158F95}.Debug|Any CPU.ActiveCfg = Debug|Any CPU
		{38FC2A66-B579-476A-BC6F-C0D64D158F95}.Debug|Any CPU.Build.0 = Debug|Any CPU
		{38FC2A66-B579-476A-BC6F-C0D64D158F95}.Release|Any CPU.ActiveCfg = Release|Any CPU
		{38FC2A66-B579-476A-BC6F-C0D64D158F95}.Release|Any CPU.Build.0 = Release|Any CPU
	EndGlobalSection
	GlobalSection(SolutionProperties) = preSolution
		HideSolutionNode = FALSE
	EndGlobalSection
	GlobalSection(ExtensibilityGlobals) = postSolution
		SolutionGuid = {932F6B86-44BC-4DF3-A089-2F82094AF631}
	EndGlobalSection
EndGlobal
